
Microsoft Visual Studio Solution File, Format Version 11.00
# Visual Studio 2010
Project("{8BC9CEB8-8B4A-11D0-8D11-00A0C91BC942}") = "nsRichEdit", "nsRichEdit.vcxproj", "{B4E40A6D-6E13-4650-893E-FEB44E422F6D}"
EndProject
Global
	GlobalSection(SolutionConfigurationPlatforms) = preSolution
		Debug|Win32 = Debug|Win32
		Release Unicode|Win32 = Release Unicode|Win32
		Release|Win32 = Release|Win32
	EndGlobalSection
	GlobalSection(ProjectConfigurationPlatforms) = postSolution
		{B4E40A6D-6E13-4650-893E-FEB44E422F6D}.Debug|Win32.ActiveCfg = Debug|Win32
		{B4E40A6D-6E13-4650-893E-FEB44E422F6D}.Debug|Win32.Build.0 = Debug|Win32
		{B4E40A6D-6E13-4650-893E-FEB44E422F6D}.Release Unicode|Win32.ActiveCfg = Release Unicode|Win32
		{B4E40A6D-6E13-4650-893E-FEB44E422F6D}.Release Unicode|Win32.Build.0 = Release Unicode|Win32
		{B4E40A6D-6E13-4650-893E-FEB44E422F6D}.Release|Win32.ActiveCfg = Release|Win32
		{B4E40A6D-6E13-4650-893E-FEB44E422F6D}.Release|Win32.Build.0 = Release|Win32
	EndGlobalSection
	GlobalSection(SolutionProperties) = preSolution
		HideSolutionNode = FALSE
	EndGlobalSection
EndGlobal
